
Microsoft Visual Studio Solution File, Format Version 12.00
# Visual Studio Version 17
VisualStudioVersion = 17.3.32819.101
MinimumVisualStudioVersion = 10.0.40219.1
Project("{FAE04EC0-301F-11D3-BF4B-00C04F79EFBC}") = "Laboratorio3", "Laboratorio3.csproj", "{424D47C1-9793-4807-B920-FBEFC3BB13C5}"
EndProject
Global
	GlobalSection(SolutionConfigurationPlatforms) = preSolution
		Debug|Any CPU = Debug|Any CPU
		Release|Any CPU = Release|Any CPU
	EndGlobalSection
	GlobalSection(ProjectConfigurationPlatforms) = postSolution
		{424D47C1-9793-4807-B920-FBEFC3BB13C5}.Debug|Any CPU.ActiveCfg = Debug|Any CPU
		{424D47C1-9793-4807-B920-FBEFC3BB13C5}.Debug|Any CPU.Build.0 = Debug|Any CPU
		{424D47C1-9793-4807-B920-FBEFC3BB13C5}.Release|Any CPU.ActiveCfg = Release|Any CPU
		{424D47C1-9793-4807-B920-FBEFC3BB13C5}.Release|Any CPU.Build.0 = Release|Any CPU
	EndGlobalSection
	GlobalSection(SolutionProperties) = preSolution
		HideSolutionNode = FALSE
	EndGlobalSection
	GlobalSection(ExtensibilityGlobals) = postSolution
		SolutionGuid = {2625A5C5-411A-412D-BB6C-8CD4FE6E8F3C}
	EndGlobalSection
EndGlobal
