
Microsoft Visual Studio Solution File, Format Version 12.00
# Visual Studio Version 17
VisualStudioVersion = 17.3.32819.101
MinimumVisualStudioVersion = 10.0.40219.1
Project("{FAE04EC0-301F-11D3-BF4B-00C04F79EFBC}") = "Laboratorio5", "Laboratorio5.csproj", "{02F36FCC-BA84-4EF9-B5F1-3E7CBA1C31DB}"
EndProject
Global
	GlobalSection(SolutionConfigurationPlatforms) = preSolution
		Debug|Any CPU = Debug|Any CPU
		Release|Any CPU = Release|Any CPU
	EndGlobalSection
	GlobalSection(ProjectConfigurationPlatforms) = postSolution
		{02F36FCC-BA84-4EF9-B5F1-3E7CBA1C31DB}.Debug|Any CPU.ActiveCfg = Debug|Any CPU
		{02F36FCC-BA84-4EF9-B5F1-3E7CBA1C31DB}.Debug|Any CPU.Build.0 = Debug|Any CPU
		{02F36FCC-BA84-4EF9-B5F1-3E7CBA1C31DB}.Release|Any CPU.ActiveCfg = Release|Any CPU
		{02F36FCC-BA84-4EF9-B5F1-3E7CBA1C31DB}.Release|Any CPU.Build.0 = Release|Any CPU
	EndGlobalSection
	GlobalSection(SolutionProperties) = preSolution
		HideSolutionNode = FALSE
	EndGlobalSection
	GlobalSection(ExtensibilityGlobals) = postSolution
		SolutionGuid = {164B527F-5502-4905-9EFC-67F3984C1550}
	EndGlobalSection
EndGlobal
