
Microsoft Visual Studio Solution File, Format Version 12.00
# Visual Studio Version 17
VisualStudioVersion = 17.3.32811.315
MinimumVisualStudioVersion = 10.0.40219.1
Project("{FAE04EC0-301F-11D3-BF4B-00C04F79EFBC}") = "Laboratorio1", "Laboratorio1.csproj", "{0E589668-4BAD-48D8-8A9D-78C4FD8AB4BB}"
EndProject
Project("{FAE04EC0-301F-11D3-BF4B-00C04F79EFBC}") = "TestProject1", "..\TestProject1\TestProject1.csproj", "{55480AEE-E69A-4E32-BB61-E5BA9AA44A96}"
EndProject
Global
	GlobalSection(SolutionConfigurationPlatforms) = preSolution
		Debug|Any CPU = Debug|Any CPU
		Release|Any CPU = Release|Any CPU
	EndGlobalSection
	GlobalSection(ProjectConfigurationPlatforms) = postSolution
		{0E589668-4BAD-48D8-8A9D-78C4FD8AB4BB}.Debug|Any CPU.ActiveCfg = Debug|Any CPU
		{0E589668-4BAD-48D8-8A9D-78C4FD8AB4BB}.Debug|Any CPU.Build.0 = Debug|Any CPU
		{0E589668-4BAD-48D8-8A9D-78C4FD8AB4BB}.Release|Any CPU.ActiveCfg = Release|Any CPU
		{0E589668-4BAD-48D8-8A9D-78C4FD8AB4BB}.Release|Any CPU.Build.0 = Release|Any CPU
		{55480AEE-E69A-4E32-BB61-E5BA9AA44A96}.Debug|Any CPU.ActiveCfg = Debug|Any CPU
		{55480AEE-E69A-4E32-BB61-E5BA9AA44A96}.Debug|Any CPU.Build.0 = Debug|Any CPU
		{55480AEE-E69A-4E32-BB61-E5BA9AA44A96}.Release|Any CPU.ActiveCfg = Release|Any CPU
		{55480AEE-E69A-4E32-BB61-E5BA9AA44A96}.Release|Any CPU.Build.0 = Release|Any CPU
	EndGlobalSection
	GlobalSection(SolutionProperties) = preSolution
		HideSolutionNode = FALSE
	EndGlobalSection
	GlobalSection(ExtensibilityGlobals) = postSolution
		SolutionGuid = {BD72968C-789C-4F70-A6D4-48C0143F1129}
	EndGlobalSection
EndGlobal
