
Microsoft Visual Studio Solution File, Format Version 12.00
# Visual Studio Version 17
VisualStudioVersion = 17.3.32819.101
MinimumVisualStudioVersion = 10.0.40219.1
Project("{FAE04EC0-301F-11D3-BF4B-00C04F79EFBC}") = "Bank", "Bank.csproj", "{A67FD6F1-6BE6-4FD9-BB8D-CA5074D1B286}"
EndProject
Project("{FAE04EC0-301F-11D3-BF4B-00C04F79EFBC}") = "BankTests", "..\BankTests\BankTests.csproj", "{046F0323-6473-4468-83C5-F33354EE44AF}"
EndProject
Global
	GlobalSection(SolutionConfigurationPlatforms) = preSolution
		Debug|Any CPU = Debug|Any CPU
		Release|Any CPU = Release|Any CPU
	EndGlobalSection
	GlobalSection(ProjectConfigurationPlatforms) = postSolution
		{A67FD6F1-6BE6-4FD9-BB8D-CA5074D1B286}.Debug|Any CPU.ActiveCfg = Debug|Any CPU
		{A67FD6F1-6BE6-4FD9-BB8D-CA5074D1B286}.Debug|Any CPU.Build.0 = Debug|Any CPU
		{A67FD6F1-6BE6-4FD9-BB8D-CA5074D1B286}.Release|Any CPU.ActiveCfg = Release|Any CPU
		{A67FD6F1-6BE6-4FD9-BB8D-CA5074D1B286}.Release|Any CPU.Build.0 = Release|Any CPU
		{046F0323-6473-4468-83C5-F33354EE44AF}.Debug|Any CPU.ActiveCfg = Debug|Any CPU
		{046F0323-6473-4468-83C5-F33354EE44AF}.Debug|Any CPU.Build.0 = Debug|Any CPU
		{046F0323-6473-4468-83C5-F33354EE44AF}.Release|Any CPU.ActiveCfg = Release|Any CPU
		{046F0323-6473-4468-83C5-F33354EE44AF}.Release|Any CPU.Build.0 = Release|Any CPU
	EndGlobalSection
	GlobalSection(SolutionProperties) = preSolution
		HideSolutionNode = FALSE
	EndGlobalSection
	GlobalSection(ExtensibilityGlobals) = postSolution
		SolutionGuid = {86F12A94-DB9D-4F97-B070-0CB88B9C9FD7}
	EndGlobalSection
EndGlobal
